
Microsoft Visual Studio Solution File, Format Version 12.00
# Visual Studio Version 16
VisualStudioVersion = 16.0.31025.194
MinimumVisualStudioVersion = 10.0.40219.1
Project("{9A19103F-16F7-4668-BE54-9A1E7A4F7556}") = "MISA.CukCuk.Api", "MISA.CukCuk.Api\MISA.CukCuk.Api.csproj", "{88A7D8E2-6F74-491D-8FA4-A443088FF8F8}"
EndProject
Project("{FAE04EC0-301F-11D3-BF4B-00C04F79EFBC}") = "MISA.Core", "MISA.Core\MISA.Core.csproj", "{11F4925C-7520-4C29-A88F-CB1B96C3E0CF}"
EndProject
Project("{FAE04EC0-301F-11D3-BF4B-00C04F79EFBC}") = "MISA.Infrastructure", "MISA.Infrastructure\MISA.Infrastructure.csproj", "{1268558E-E0CB-4DC3-8903-E03F8EACE276}"
EndProject
Global
	GlobalSection(SolutionConfigurationPlatforms) = preSolution
		Debug|Any CPU = Debug|Any CPU
		Release|Any CPU = Release|Any CPU
	EndGlobalSection
	GlobalSection(ProjectConfigurationPlatforms) = postSolution
		{88A7D8E2-6F74-491D-8FA4-A443088FF8F8}.Debug|Any CPU.ActiveCfg = Debug|Any CPU
		{88A7D8E2-6F74-491D-8FA4-A443088FF8F8}.Debug|Any CPU.Build.0 = Debug|Any CPU
		{88A7D8E2-6F74-491D-8FA4-A443088FF8F8}.Release|Any CPU.ActiveCfg = Release|Any CPU
		{88A7D8E2-6F74-491D-8FA4-A443088FF8F8}.Release|Any CPU.Build.0 = Release|Any CPU
		{11F4925C-7520-4C29-A88F-CB1B96C3E0CF}.Debug|Any CPU.ActiveCfg = Debug|Any CPU
		{11F4925C-7520-4C29-A88F-CB1B96C3E0CF}.Debug|Any CPU.Build.0 = Debug|Any CPU
		{11F4925C-7520-4C29-A88F-CB1B96C3E0CF}.Release|Any CPU.ActiveCfg = Release|Any CPU
		{11F4925C-7520-4C29-A88F-CB1B96C3E0CF}.Release|Any CPU.Build.0 = Release|Any CPU
		{1268558E-E0CB-4DC3-8903-E03F8EACE276}.Debug|Any CPU.ActiveCfg = Debug|Any CPU
		{1268558E-E0CB-4DC3-8903-E03F8EACE276}.Debug|Any CPU.Build.0 = Debug|Any CPU
		{1268558E-E0CB-4DC3-8903-E03F8EACE276}.Release|Any CPU.ActiveCfg = Release|Any CPU
		{1268558E-E0CB-4DC3-8903-E03F8EACE276}.Release|Any CPU.Build.0 = Release|Any CPU
	EndGlobalSection
	GlobalSection(SolutionProperties) = preSolution
		HideSolutionNode = FALSE
	EndGlobalSection
	GlobalSection(ExtensibilityGlobals) = postSolution
		SolutionGuid = {470F5ADE-1164-4D2B-83B9-53F143E37FB4}
	EndGlobalSection
EndGlobal
